
Microsoft Visual Studio Solution File, Format Version 12.00
# Visual Studio Version 17
VisualStudioVersion = 17.14.36221.1 d17.14
MinimumVisualStudioVersion = 10.0.40219.1
Project("{FAE04EC0-301F-11D3-BF4B-00C04F79EFBC}") = "BookingManagementSystem", "BookingManagementSystem\BookingManagementSystem.csproj", "{646F49FF-019A-4812-AA5C-DA4B0F871300}"
EndProject
Global
	GlobalSection(SolutionConfigurationPlatforms) = preSolution
		Debug|Any CPU = Debug|Any CPU
		Release|Any CPU = Release|Any CPU
	EndGlobalSection
	GlobalSection(ProjectConfigurationPlatforms) = postSolution
		{646F49FF-019A-4812-AA5C-DA4B0F871300}.Debug|Any CPU.ActiveCfg = Debug|Any CPU
		{646F49FF-019A-4812-AA5C-DA4B0F871300}.Debug|Any CPU.Build.0 = Debug|Any CPU
		{646F49FF-019A-4812-AA5C-DA4B0F871300}.Release|Any CPU.ActiveCfg = Release|Any CPU
		{646F49FF-019A-4812-AA5C-DA4B0F871300}.Release|Any CPU.Build.0 = Release|Any CPU
	EndGlobalSection
	GlobalSection(SolutionProperties) = preSolution
		HideSolutionNode = FALSE
	EndGlobalSection
	GlobalSection(ExtensibilityGlobals) = postSolution
		SolutionGuid = {CB4BB6D7-A6AA-44FA-9487-D61BF0338FB2}
	EndGlobalSection
EndGlobal
